// !$*UTF8*$!
{
	archiveVersion = 1;
	classes = {
	};
	objectVersion = 46;
	objects = {

/* Begin PBXBuildFile section */
		8E05FDBC1F0C19190041BE5B /* AppDelegate.swift in Sources */ = {isa = PBXBuildFile; fileRef = 8E05FDBB1F0C19190041BE5B /* AppDelegate.swift */; };
		8E05FDBE1F0C19190041BE5B /* ViewController.swift in Sources */ = {isa = PBXBuildFile; fileRef = 8E05FDBD1F0C19190041BE5B /* ViewController.swift */; };
		8E05FDC11F0C19190041BE5B /* Main.storyboard in Resources */ = {isa = PBXBuildFile; fileRef = 8E05FDBF1F0C19190041BE5B /* Main.storyboard */; };
		8E05FDC31F0C19190041BE5B /* Assets.xcassets in Resources */ = {isa = PBXBuildFile; fileRef = 8E05FDC21F0C19190041BE5B /* Assets.xcassets */; };
		8E05FDC61F0C19190041BE5B /* LaunchScreen.storyboard in Resources */ = {isa = PBXBuildFile; fileRef = 8E05FDC41F0C19190041BE5B /* LaunchScreen.storyboard */; };
		8E05FDD11F0C19190041BE5B /* PokeSearchTests.swift in Sources */ = {isa = PBXBuildFile; fileRef = 8E05FDD01F0C19190041BE5B /* PokeSearchTests.swift */; };
		8E05FDDC1F0C19190041BE5B /* PokeSearchUITests.swift in Sources */ = {isa = PBXBuildFile; fileRef = 8E05FDDB1F0C19190041BE5B /* PokeSearchUITests.swift */; };
/* End PBXBuildFile section */

/* Begin PBXContainerItemProxy section */
		8E05FDCD1F0C19190041BE5B /* PBXContainerItemProxy */ = {
			isa = PBXContainerItemProxy;
			containerPortal = 8E05FDB01F0C19190041BE5B /* Project object */;
			proxyType = 1;
			remoteGlobalIDString = 8E05FDB71F0C19190041BE5B;
			remoteInfo = PokeSearch;
		};
		8E05FDD81F0C19190041BE5B /* PBXContainerItemProxy */ = {
			isa = PBXContainerItemProxy;
			containerPortal = 8E05FDB01F0C19190041BE5B /* Project object */;
			proxyType = 1;
			remoteGlobalIDString = 8E05FDB71F0C19190041BE5B;
			remoteInfo = PokeSearch;
		};
/* End PBXContainerItemProxy section */

/* Begin PBXFileReference section */
		8E05FDB81F0C19190041BE5B /* PokeSearch.app */ = {isa = PBXFileReference; explicitFileType = wrapper.application; includeInIndex = 0; path = PokeSearch.app; sourceTree = BUILT_PRODUCTS_DIR; };
		8E05FDBB1F0C19190041BE5B /* AppDelegate.swift */ = {isa = PBXFileReference; lastKnownFileType = sourcecode.swift; path = AppDelegate.swift; sourceTree = "<group>"; };
		8E05FDBD1F0C19190041BE5B /* ViewController.swift */ = {isa = PBXFileReference; lastKnownFileType = sourcecode.swift; path = ViewController.swift; sourceTree = "<group>"; };
		8E05FDC01F0C19190041BE5B /* Base */ = {isa = PBXFileReference; lastKnownFileType = file.storyboard; name = Base; path = Base.lproj/Main.storyboard; sourceTree = "<group>"; };
		8E05FDC21F0C19190041BE5B /* Assets.xcassets */ = {isa = PBXFileReference; lastKnownFileType = folder.assetcatalog; path = Assets.xcassets; sourceTree = "<group>"; };
		8E05FDC51F0C19190041BE5B /* Base */ = {isa = PBXFileReference; lastKnownFileType = file.storyboard; name = Base; path = Base.lproj/LaunchScreen.storyboard; sourceTree = "<group>"; };
		8E05FDC71F0C19190041BE5B /* Info.plist */ = {isa = PBXFileReference; lastKnownFileType = text.plist.xml; path = Info.plist; sourceTree = "<group>"; };
		8E05FDCC1F0C19190041BE5B /* PokeSearchTests.xctest */ = {isa = PBXFileReference; explicitFileType = wrapper.cfbundle; includeInIndex = 0; path = PokeSearchTests.xctest; sourceTree = BUILT_PRODUCTS_DIR; };
		8E05FDD01F0C19190041BE5B /* PokeSearchTests.swift */ = {isa = PBXFileReference; lastKnownFileType = sourcecode.swift; path = PokeSearchTests.swift; sourceTree = "<group>"; };
		8E05FDD21F0C19190041BE5B /* Info.plist */ = {isa = PBXFileReference; lastKnownFileType = text.plist.xml; path = Info.plist; sourceTree = "<group>"; };
		8E05FDD71F0C19190041BE5B /* PokeSearchUITests.xctest */ = {isa = PBXFileReference; explicitFileType = wrapper.cfbundle; includeInIndex = 0; path = PokeSearchUITests.xctest; sourceTree = BUILT_PRODUCTS_DIR; };
		8E05FDDB1F0C19190041BE5B /* PokeSearchUITests.swift */ = {isa = PBXFileReference; lastKnownFileType = sourcecode.swift; path = PokeSearchUITests.swift; sourceTree = "<group>"; };
		8E05FDDD1F0C19190041BE5B /* Info.plist */ = {isa = PBXFileReference; lastKnownFileType = text.plist.xml; path = Info.plist; sourceTree = "<group>"; };
/* End PBXFileReference section */

/* Begin PBXFrameworksBuildPhase section */
		8E05FDB51F0C19190041BE5B /* Frameworks */ = {
			isa = PBXFrameworksBuildPhase;
			buildActionMask = 2147483647;
			files = (
			);
			runOnlyForDeploymentPostprocessing = 0;
		};
		8E05FDC91F0C19190041BE5B /* Frameworks */ = {
			isa = PBXFrameworksBuildPhase;
			buildActionMask = 2147483647;
			files = (
			);
			runOnlyForDeploymentPostprocessing = 0;
		};
		8E05FDD41F0C19190041BE5B /* Frameworks */ = {
			isa = PBXFrameworksBuildPhase;
			buildActionMask = 2147483647;
			files = (
			);
			runOnlyForDeploymentPostprocessing = 0;
		};
/* End PBXFrameworksBuildPhase section */

/* Begin PBXGroup section */
		8E05FDAF1F0C19180041BE5B = {
			isa = PBXGroup;
			children = (
				8E05FDBA1F0C19190041BE5B /* PokeSearch */,
				8E05FDCF1F0C19190041BE5B /* PokeSearchTests */,
				8E05FDDA1F0C19190041BE5B /* PokeSearchUITests */,
				8E05FDB91F0C19190041BE5B /* Products */,
			);
			sourceTree = "<group>";
		};
		8E05FDB91F0C19190041BE5B /* Products */ = {
			isa = PBXGroup;
			children = (
				8E05FDB81F0C19190041BE5B /* PokeSearch.app */,
				8E05FDCC1F0C19190041BE5B /* PokeSearchTests.xctest */,
				8E05FDD71F0C19190041BE5B /* PokeSearchUITests.xctest */,
			);
			name = Products;
			sourceTree = "<group>";
		};
		8E05FDBA1F0C19190041BE5B /* PokeSearch */ = {
			isa = PBXGroup;
			children = (
				8E05FDBB1F0C19190041BE5B /* AppDelegate.swift */,
				8E05FDBD1F0C19190041BE5B /* ViewController.swift */,
				8E05FDBF1F0C19190041BE5B /* Main.storyboard */,
				8E05FDC21F0C19190041BE5B /* Assets.xcassets */,
				8E05FDC41F0C19190041BE5B /* LaunchScreen.storyboard */,
				8E05FDC71F0C19190041BE5B /* Info.plist */,
			);
			path = PokeSearch;
			sourceTree = "<group>";
		};
		8E05FDCF1F0C19190041BE5B /* PokeSearchTests */ = {
			isa = PBXGroup;
			children = (
				8E05FDD01F0C19190041BE5B /* PokeSearchTests.swift */,
				8E05FDD21F0C19190041BE5B /* Info.plist */,
			);
			path = PokeSearchTests;
			sourceTree = "<group>";
		};
		8E05FDDA1F0C19190041BE5B /* PokeSearchUITests */ = {
			isa = PBXGroup;
			children = (
				8E05FDDB1F0C19190041BE5B /* PokeSearchUITests.swift */,
				8E05FDDD1F0C19190041BE5B /* Info.plist */,
			);
			path = PokeSearchUITests;
			sourceTree = "<group>";
		};
/* End PBXGroup section */

/* Begin PBXNativeTarget section */
		8E05FDB71F0C19190041BE5B /* PokeSearch */ = {
			isa = PBXNativeTarget;
			buildConfigurationList = 8E05FDE01F0C19190041BE5B /* Build configuration list for PBXNativeTarget "PokeSearch" */;
			buildPhases = (
				8E05FDB41F0C19190041BE5B /* Sources */,
				8E05FDB51F0C19190041BE5B /* Frameworks */,
				8E05FDB61F0C19190041BE5B /* Resources */,
			);
			buildRules = (
			);
			dependencies = (
			);
			name = PokeSearch;
			productName = PokeSearch;
			productReference = 8E05FDB81F0C19190041BE5B /* PokeSearch.app */;
			productType = "com.apple.product-type.application";
		};
		8E05FDCB1F0C19190041BE5B /* PokeSearchTests */ = {
			isa = PBXNativeTarget;
			buildConfigurationList = 8E05FDE31F0C19190041BE5B /* Build configuration list for PBXNativeTarget "PokeSearchTests" */;
			buildPhases = (
				8E05FDC81F0C19190041BE5B /* Sources */,
				8E05FDC91F0C19190041BE5B /* Frameworks */,
				8E05FDCA1F0C19190041BE5B /* Resources */,
			);
			buildRules = (
			);
			dependencies = (
				8E05FDCE1F0C19190041BE5B /* PBXTargetDependency */,
			);
			name = PokeSearchTests;
			productName = PokeSearchTests;
			productReference = 8E05FDCC1F0C19190041BE5B /* PokeSearchTests.xctest */;
			productType = "com.apple.product-type.bundle.unit-test";
		};
		8E05FDD61F0C19190041BE5B /* PokeSearchUITests */ = {
			isa = PBXNativeTarget;
			buildConfigurationList = 8E05FDE61F0C19190041BE5B /* Build configuration list for PBXNativeTarget "PokeSearchUITests" */;
			buildPhases = (
				8E05FDD31F0C19190041BE5B /* Sources */,
				8E05FDD41F0C19190041BE5B /* Frameworks */,
				8E05FDD51F0C19190041BE5B /* Resources */,
			);
			buildRules = (
			);
			dependencies = (
				8E05FDD91F0C19190041BE5B /* PBXTargetDependency */,
			);
			name = PokeSearchUITests;
			productName = PokeSearchUITests;
			productReference = 8E05FDD71F0C19190041BE5B /* PokeSearchUITests.xctest */;
			productType = "com.apple.product-type.bundle.ui-testing";
		};
/* End PBXNativeTarget section */

/* Begin PBXProject section */
		8E05FDB01F0C19190041BE5B /* Project object */ = {
			isa = PBXProject;
			attributes = {
				LastSwiftUpdateCheck = 0830;
				LastUpgradeCheck = 0830;
				ORGANIZATIONNAME = "Arthur Zhang";
				TargetAttributes = {
					8E05FDB71F0C19190041BE5B = {
						CreatedOnToolsVersion = 8.3.3;
						DevelopmentTeam = J9G5UX4JHG;
						ProvisioningStyle = Automatic;
					};
					8E05FDCB1F0C19190041BE5B = {
						CreatedOnToolsVersion = 8.3.3;
						DevelopmentTeam = J9G5UX4JHG;
						ProvisioningStyle = Automatic;
						TestTargetID = 8E05FDB71F0C19190041BE5B;
					};
					8E05FDD61F0C19190041BE5B = {
						CreatedOnToolsVersion = 8.3.3;
						DevelopmentTeam = J9G5UX4JHG;
						ProvisioningStyle = Automatic;
						TestTargetID = 8E05FDB71F0C19190041BE5B;
					};
				};
			};
			buildConfigurationList = 8E05FDB31F0C19190041BE5B /* Build configuration list for PBXProject "PokeSearch" */;
			compatibilityVersion = "Xcode 3.2";
			developmentRegion = English;
			hasScannedForEncodings = 0;
			knownRegions = (
				en,
				Base,
			);
			mainGroup = 8E05FDAF1F0C19180041BE5B;
			productRefGroup = 8E05FDB91F0C19190041BE5B /* Products */;
			projectDirPath = "";
			projectRoot = "";
			targets = (
				8E05FDB71F0C19190041BE5B /* PokeSearch */,
				8E05FDCB1F0C19190041BE5B /* PokeSearchTests */,
				8E05FDD61F0C19190041BE5B /* PokeSearchUITests */,
			);
		};
/* End PBXProject section */

/* Begin PBXResourcesBuildPhase section */
		8E05FDB61F0C19190041BE5B /* Resources */ = {
			isa = PBXResourcesBuildPhase;
			buildActionMask = 2147483647;
			files = (
				8E05FDC61F0C19190041BE5B /* LaunchScreen.storyboard in Resources */,
				8E05FDC31F0C19190041BE5B /* Assets.xcassets in Resources */,
				8E05FDC11F0C19190041BE5B /* Main.storyboard in Resources */,
			);
			runOnlyForDeploymentPostprocessing = 0;
		};
		8E05FDCA1F0C19190041BE5B /* Resources */ = {
			isa = PBXResourcesBuildPhase;
			buildActionMask = 2147483647;
			files = (
			);
			runOnlyForDeploymentPostprocessing = 0;
		};
		8E05FDD51F0C19190041BE5B /* Resources */ = {
			isa = PBXResourcesBuildPhase;
			buildActionMask = 2147483647;
			files = (
			);
			runOnlyForDeploymentPostprocessing = 0;
		};
/* End PBXResourcesBuildPhase section */

/* Begin PBXSourcesBuildPhase section */
		8E05FDB41F0C19190041BE5B /* Sources */ = {
			isa = PBXSourcesBuildPhase;
			buildActionMask = 2147483647;
			files = (
				8E05FDBE1F0C19190041BE5B /* ViewController.swift in Sources */,
				8E05FDBC1F0C19190041BE5B /* AppDelegate.swift in Sources */,
			);
			runOnlyForDeploymentPostprocessing = 0;
		};
		8E05FDC81F0C19190041BE5B /* Sources */ = {
			isa = PBXSourcesBuildPhase;
			buildActionMask = 2147483647;
			files = (
				8E05FDD11F0C19190041BE5B /* PokeSearchTests.swift in Sources */,
			);
			runOnlyForDeploymentPostprocessing = 0;
		};
		8E05FDD31F0C19190041BE5B /* Sources */ = {
			isa = PBXSourcesBuildPhase;
			buildActionMask = 2147483647;
			files = (
				8E05FDDC1F0C19190041BE5B /* PokeSearchUITests.swift in Sources */,
			);
			runOnlyForDeploymentPostprocessing = 0;
		};
/* End PBXSourcesBuildPhase section */

/* Begin PBXTargetDependency section */
		8E05FDCE1F0C19190041BE5B /* PBXTargetDependency */ = {
			isa = PBXTargetDependency;
			target = 8E05FDB71F0C19190041BE5B /* PokeSearch */;
			targetProxy = 8E05FDCD1F0C19190041BE5B /* PBXContainerItemProxy */;
		};
		8E05FDD91F0C19190041BE5B /* PBXTargetDependency */ = {
			isa = PBXTargetDependency;
			target = 8E05FDB71F0C19190041BE5B /* PokeSearch */;
			targetProxy = 8E05FDD81F0C19190041BE5B /* PBXContainerItemProxy */;
		};
/* End PBXTargetDependency section */

/* Begin PBXVariantGroup section */
		8E05FDBF1F0C19190041BE5B /* Main.storyboard */ = {
			isa = PBXVariantGroup;
			children = (
				8E05FDC01F0C19190041BE5B /* Base */,
			);
			name = Main.storyboard;
			sourceTree = "<group>";
		};
		8E05FDC41F0C19190041BE5B /* LaunchScreen.storyboard */ = {
			isa = PBXVariantGroup;
			children = (
				8E05FDC51F0C19190041BE5B /* Base */,
			);
			name = LaunchScreen.storyboard;
			sourceTree = "<group>";
		};
/* End PBXVariantGroup section */

/* Begin XCBuildConfiguration section */
		8E05FDDE1F0C19190041BE5B /* Debug */ = {
			isa = XCBuildConfiguration;
			buildSettings = {
				ALWAYS_SEARCH_USER_PATHS = NO;
				CLANG_ANALYZER_NONNULL = YES;
				CLANG_ANALYZER_NUMBER_OBJECT_CONVERSION = YES_AGGRESSIVE;
				CLANG_CXX_LANGUAGE_STANDARD = "gnu++0x";
				CLANG_CXX_LIBRARY = "libc++";
				CLANG_ENABLE_MODULES = YES;
				CLANG_ENABLE_OBJC_ARC = YES;
				CLANG_WARN_BOOL_CONVERSION = YES;
				CLANG_WARN_CONSTANT_CONVERSION = YES;
				CLANG_WARN_DIRECT_OBJC_ISA_USAGE = YES_ERROR;
				CLANG_WARN_DOCUMENTATION_COMMENTS = YES;
				CLANG_WARN_EMPTY_BODY = YES;
				CLANG_WARN_ENUM_CONVERSION = YES;
				CLANG_WARN_INFINITE_RECURSION = YES;
				CLANG_WARN_INT_CONVERSION = YES;
				CLANG_WARN_OBJC_ROOT_CLASS = YES_ERROR;
				CLANG_WARN_SUSPICIOUS_MOVE = YES;
				CLANG_WARN_UNREACHABLE_CODE = YES;
				CLANG_WARN__DUPLICATE_METHOD_MATCH = YES;
				"CODE_SIGN_IDENTITY[sdk=iphoneos*]" = "iPhone Developer";
				COPY_PHASE_STRIP = NO;
				DEBUG_INFORMATION_FORMAT = dwarf;
				ENABLE_STRICT_OBJC_MSGSEND = YES;
				ENABLE_TESTABILITY = YES;
				GCC_C_LANGUAGE_STANDARD = gnu99;
				GCC_DYNAMIC_NO_PIC = NO;
				GCC_NO_COMMON_BLOCKS = YES;
				GCC_OPTIMIZATION_LEVEL = 0;
				GCC_PREPROCESSOR_DEFINITIONS = (
					"DEBUG=1",
					"$(inherited)",
				);
				GCC_WARN_64_TO_32_BIT_CONVERSION = YES;
				GCC_WARN_ABOUT_RETURN_TYPE = YES_ERROR;
				GCC_WARN_UNDECLARED_SELECTOR = YES;
				GCC_WARN_UNINITIALIZED_AUTOS = YES_AGGRESSIVE;
				GCC_WARN_UNUSED_FUNCTION = YES;
				GCC_WARN_UNUSED_VARIABLE = YES;
				IPHONEOS_DEPLOYMENT_TARGET = 10.3;
				MTL_ENABLE_DEBUG_INFO = YES;
				ONLY_ACTIVE_ARCH = YES;
				SDKROOT = iphoneos;
				SWIFT_ACTIVE_COMPILATION_CONDITIONS = DEBUG;
				SWIFT_OPTIMIZATION_LEVEL = "-Onone";
				TARGETED_DEVICE_FAMILY = "1,2";
			};
			name = Debug;
		};
		8E05FDDF1F0C19190041BE5B /* Release */ = {
			isa = XCBuildConfiguration;
			buildSettings = {
				ALWAYS_SEARCH_USER_PATHS = NO;
				CLANG_ANALYZER_NONNULL = YES;
				CLANG_ANALYZER_NUMBER_OBJECT_CONVERSION = YES_AGGRESSIVE;
				CLANG_CXX_LANGUAGE_STANDARD = "gnu++0x";
				CLANG_CXX_LIBRARY = "libc++";
				CLANG_ENABLE_MODULES = YES;
				CLANG_ENABLE_OBJC_ARC = YES;
				CLANG_WARN_BOOL_CONVERSION = YES;
				CLANG_WARN_CONSTANT_CONVERSION = YES;
				CLANG_WARN_DIRECT_OBJC_ISA_USAGE = YES_ERROR;
				CLANG_WARN_DOCUMENTATION_COMMENTS = YES;
				CLANG_WARN_EMPTY_BODY = YES;
				CLANG_WARN_ENUM_CONVERSION = YES;
				CLANG_WARN_INFINITE_RECURSION = YES;
				CLANG_WARN_INT_CONVERSION = YES;
				CLANG_WARN_OBJC_ROOT_CLASS = YES_ERROR;
				CLANG_WARN_SUSPICIOUS_MOVE = YES;
				CLANG_WARN_UNREACHABLE_CODE = YES;
				CLANG_WARN__DUPLICATE_METHOD_MATCH = YES;
				"CODE_SIGN_IDENTITY[sdk=iphoneos*]" = "iPhone Developer";
				COPY_PHASE_STRIP = NO;
				DEBUG_INFORMATION_FORMAT = "dwarf-with-dsym";
				ENABLE_NS_ASSERTIONS = NO;
				ENABLE_STRICT_OBJC_MSGSEND = YES;
				GCC_C_LANGUAGE_STANDARD = gnu99;
				GCC_NO_COMMON_BLOCKS = YES;
				GCC_WARN_64_TO_32_BIT_CONVERSION = YES;
				GCC_WARN_ABOUT_RETURN_TYPE = YES_ERROR;
				GCC_WARN_UNDECLARED_SELECTOR = YES;
				GCC_WARN_UNINITIALIZED_AUTOS = YES_AGGRESSIVE;
				GCC_WARN_UNUSED_FUNCTION = YES;
				GCC_WARN_UNUSED_VARIABLE = YES;
				IPHONEOS_DEPLOYMENT_TARGET = 10.3;
				MTL_ENABLE_DEBUG_INFO = NO;
				SDKROOT = iphoneos;
				SWIFT_OPTIMIZATION_LEVEL = "-Owholemodule";
				TARGETED_DEVICE_FAMILY = "1,2";
				VALIDATE_PRODUCT = YES;
			};
			name = Release;
		};
		8E05FDE11F0C19190041BE5B /* Debug */ = {
			isa = XCBuildConfiguration;
			buildSettings = {
				ASSETCATALOG_COMPILER_APPICON_NAME = AppIcon;
				DEVELOPMENT_TEAM = J9G5UX4JHG;
				INFOPLIST_FILE = PokeSearch/Info.plist;
				LD_RUNPATH_SEARCH_PATHS = "$(inherited) @executable_path/Frameworks";
				PRODUCT_BUNDLE_IDENTIFIER = com.Arthur.PokeSearch;
				PRODUCT_NAME = "$(TARGET_NAME)";
				SWIFT_VERSION = 3.0;
			};
			name = Debug;
		};
		8E05FDE21F0C19190041BE5B /* Release */ = {
			isa = XCBuildConfiguration;
			buildSettings = {
				ASSETCATALOG_COMPILER_APPICON_NAME = AppIcon;
				DEVELOPMENT_TEAM = J9G5UX4JHG;
				INFOPLIST_FILE = PokeSearch/Info.plist;
				LD_RUNPATH_SEARCH_PATHS = "$(inherited) @executable_path/Frameworks";
				PRODUCT_BUNDLE_IDENTIFIER = com.Arthur.PokeSearch;
				PRODUCT_NAME = "$(TARGET_NAME)";
				SWIFT_VERSION = 3.0;
			};
			name = Release;
		};
		8E05FDE41F0C19190041BE5B /* Debug */ = {
			isa = XCBuildConfiguration;
			buildSettings = {
				ALWAYS_EMBED_SWIFT_STANDARD_LIBRARIES = YES;
				BUNDLE_LOADER = "$(TEST_HOST)";
				DEVELOPMENT_TEAM = J9G5UX4JHG;
				INFOPLIST_FILE = PokeSearchTests/Info.plist;
				LD_RUNPATH_SEARCH_PATHS = "$(inherited) @executable_path/Frameworks @loader_path/Frameworks";
				PRODUCT_BUNDLE_IDENTIFIER = com.Arthur.PokeSearchTests;
				PRODUCT_NAME = "$(TARGET_NAME)";
				SWIFT_VERSION = 3.0;
				TEST_HOST = "$(BUILT_PRODUCTS_DIR)/PokeSearch.app/PokeSearch";
			};
			name = Debug;
		};
		8E05FDE51F0C19190041BE5B /* Release */ = {
			isa = XCBuildConfiguration;
			buildSettings = {
				ALWAYS_EMBED_SWIFT_STANDARD_LIBRARIES = YES;
				BUNDLE_LOADER = "$(TEST_HOST)";
				DEVELOPMENT_TEAM = J9G5UX4JHG;
				INFOPLIST_FILE = PokeSearchTests/Info.plist;
				LD_RUNPATH_SEARCH_PATHS = "$(inherited) @executable_path/Frameworks @loader_path/Frameworks";
				PRODUCT_BUNDLE_IDENTIFIER = com.Arthur.PokeSearchTests;
				PRODUCT_NAME = "$(TARGET_NAME)";
				SWIFT_VERSION = 3.0;
				TEST_HOST = "$(BUILT_PRODUCTS_DIR)/PokeSearch.app/PokeSearch";
			};
			name = Release;
		};
		8E05FDE71F0C19190041BE5B /* Debug */ = {
			isa = XCBuildConfiguration;
			buildSettings = {
				ALWAYS_EMBED_SWIFT_STANDARD_LIBRARIES = YES;
				DEVELOPMENT_TEAM = J9G5UX4JHG;
				INFOPLIST_FILE = PokeSearchUITests/Info.plist;
				LD_RUNPATH_SEARCH_PATHS = "$(inherited) @executable_path/Frameworks @loader_path/Frameworks";
				PRODUCT_BUNDLE_IDENTIFIER = com.Arthur.PokeSearchUITests;
				PRODUCT_NAME = "$(TARGET_NAME)";
				SWIFT_VERSION = 3.0;
				TEST_TARGET_NAME = PokeSearch;
			};
			name = Debug;
		};
		8E05FDE81F0C19190041BE5B /* Release */ = {
			isa = XCBuildConfiguration;
			buildSettings = {
				ALWAYS_EMBED_SWIFT_STANDARD_LIBRARIES = YES;
				DEVELOPMENT_TEAM = J9G5UX4JHG;
				INFOPLIST_FILE = PokeSearchUITests/Info.plist;
				LD_RUNPATH_SEARCH_PATHS = "$(inherited) @executable_path/Frameworks @loader_path/Frameworks";
				PRODUCT_BUNDLE_IDENTIFIER = com.Arthur.PokeSearchUITests;
				PRODUCT_NAME = "$(TARGET_NAME)";
				SWIFT_VERSION = 3.0;
				TEST_TARGET_NAME = PokeSearch;
			};
			name = Release;
		};
/* End XCBuildConfiguration section */

/* Begin XCConfigurationList section */
		8E05FDB31F0C19190041BE5B /* Build configuration list for PBXProject "PokeSearch" */ = {
			isa = XCConfigurationList;
			buildConfigurations = (
				8E05FDDE1F0C19190041BE5B /* Debug */,
				8E05FDDF1F0C19190041BE5B /* Release */,
			);
			defaultConfigurationIsVisible = 0;
			defaultConfigurationName = Release;
		};
		8E05FDE01F0C19190041BE5B /* Build configuration list for PBXNativeTarget "PokeSearch" */ = {
			isa = XCConfigurationList;
			buildConfigurations = (
				8E05FDE11F0C19190041BE5B /* Debug */,
				8E05FDE21F0C19190041BE5B /* Release */,
			);
			defaultConfigurationIsVisible = 0;
		};
		8E05FDE31F0C19190041BE5B /* Build configuration list for PBXNativeTarget "PokeSearchTests" */ = {
			isa = XCConfigurationList;
			buildConfigurations = (
				8E05FDE41F0C19190041BE5B /* Debug */,
				8E05FDE51F0C19190041BE5B /* Release */,
			);
			defaultConfigurationIsVisible = 0;
		};
		8E05FDE61F0C19190041BE5B /* Build configuration list for PBXNativeTarget "PokeSearchUITests" */ = {
			isa = XCConfigurationList;
			buildConfigurations = (
				8E05FDE71F0C19190041BE5B /* Debug */,
				8E05FDE81F0C19190041BE5B /* Release */,
			);
			defaultConfigurationIsVisible = 0;
		};
/* End XCConfigurationList section */
	};
	rootObject = 8E05FDB01F0C19190041BE5B /* Project object */;
}
